langcode: en
status: true
dependencies:
  module:
    - block_classes
    - domain
    - odp_notification
  theme:
    - opendevx_theme
third_party_settings:
  block_classes:
    block_class: d-notification
id: opendevxnotificationblock
theme: opendevx_theme
region: primary_menu
weight: -20
provider: null
plugin: odp_notification_widget_block
settings:
  id: odp_notification_widget_block
  label: 'Opendevx Notification block'
  provider: odp_notification
  label_display: '0'
  block_notification_type: '1'
  block_notification_logs_display: 1
visibility:
  domain:
    id: domain
    domains: {  }
    negate: null
    context_mapping: {  }
