langcode: en
status: true
dependencies:
  module:
    - user
  theme:
    - devportal
id: user_organisation_block
theme: devportal
region: primary_menu
weight: -16
provider: null
plugin: user_organisation_block
settings:
  id: null
  label: 'User Organisation Block'
  provider: null
  label_display: '0'
  organisation_title: 'Org Selector'
  organisation_description: "<p>By default, the dashboard displays content that is available for your default Organisation. However, the dashboard may show content for an organisation different from the one selected by default. Please select the Organisation for which you want to view the content.</p>\r\n"
visibility:
  user_role:
    id: user_role
    roles:
      product_manager: product_manager
    negate: false
    context_mapping:
      user: '@user.current_user_context:current_user'
