langcode: en
status: true
dependencies:
  module:
    - odp_forum
    - system
  theme:
    - opendevx_theme
id: toptagsblock
theme: opendevx_theme
region: sidebar_second
weight: -17
provider: null
plugin: Top_Tags_block
settings:
  id: Top_Tags_block
  label: 'Top Tags Block'
  provider: odp_forum
  label_display: visible
visibility:
  request_path:
    id: request_path
    pages: "/dashboard/topic\r\n/dashboard/topic/*"
    negate: false
    context_mapping: {  }
