uuid: c2d03c40-31c5-4659-bb39-7ed8bc110bc5
langcode: en
status: false
dependencies:
  module:
    - opendevx_subscription
  theme:
    - devportal
id: subscriptionblock
theme: devportal
region: footer_first
weight: 0
provider: null
plugin: openapidevx_subscription_block
settings:
  id: openapidevx_subscription_block
  label: 'Subscription Block'
  provider: opendevx_subscription
  label_display: 0
visibility: {  }
