langcode: en
status: true
dependencies:
  config:
    - field.storage.node.field_address_block
    - node.type.events
  module:
    - address
id: node.events.field_address_block
field_name: field_address_block
entity_type: node
bundle: events
label: 'Event Location'
description: 'Use this for event location'
required: false
translatable: false
default_value: {  }
default_value_callback: ''
settings:
  available_countries: {  }
  langcode_override: ''
  field_overrides:
    givenName:
      override: hidden
    additionalName:
      override: hidden
    familyName:
      override: hidden
    organization:
      override: hidden
    addressLine1:
      override: optional
    addressLine2:
      override: optional
    postalCode:
      override: optional
    locality:
      override: optional
  fields: {  }
field_type: address
