langcode: en
status: true
dependencies:
  module:
    - opendevx_block
    - system
  theme:
    - devportal
id: productbannerblock
theme: devportal
region: highlighted
weight: 0
provider: null
plugin: product_banner_block
settings:
  id: product_banner_block
  label: 'Product Banner Block'
  provider: opendevx_block
  label_display: '0'
visibility:
  request_path:
    id: request_path
    pages: /api-product/payments-processing/api_document
    negate: false
    context_mapping: {  }
