langcode: en
status: true
dependencies:
  module:
    - opendevx_forum
    - system
  theme:
    - devportal
id: forumstatsblock
theme: devportal
region: sidebar_second
weight: -16
provider: null
plugin: Forum_stats_block
settings:
  id: Forum_stats_block
  label: 'Forum Stats Block'
  provider: opendevx_forum
  label_display: visible
visibility:
  request_path:
    id: request_path
    pages: "/dashboard/topic\r\n/dashboard/topic/*"
    negate: false
    context_mapping: {  }
