langcode: en
status: true
dependencies:
  module:
    - opendevx_block
    - system
  theme:
    - opendevx_theme
id: productbannerblock
theme: opendevx_theme
region: highlighted
weight: -23
provider: null
plugin: product_banner_block
settings:
  id: product_banner_block
  label: 'Product Banner Block'
  provider: opendevx_block
  label_display: '0'
visibility:
  request_path:
    id: request_path
    pages: "/use-cases/*\r\n/page/*\r\n/events/*\r\n/tutorials/*\r\n/solutions/*\r\n/article/*\r\n/issues/*\r\n/faq/*\r\n/assets/*\r\n/resources/*\r\n/api-document/*\r\n/node/*/events\r\n/node/*/resources\r\n/node/*/use_cases\r\n/node/*/tutorials\r\n/node/*/solutions\r\n/node/*/article\r\n/node/*/api_document\r\n/node/*/document_overview\r\n/node/*/issues\r\n/node/*/faq\r\n/node/*/assets\r\n\r\n\r\n"
    negate: false
    context_mapping: {  }
