langcode: en
status: true
dependencies:
  module:
    - opendevx_navigation_block
    - domain
    - system
  theme:
    - opendevx_theme
id: productnavigationblock
theme: opendevx_theme
region: sidebar_first
weight: -18
provider: null
plugin: product_navigation_block
settings:
  id: product_navigation_block
  label: 'Product Sidebar Block'
  provider: opendevx_navigation_block
  label_display: '0'
  dvp_sidebar_navigation:
    document_overview:
      navigation_text: 'Getting Started'
      show: '1'
      type: Page
    api_document:
      navigation_text: 'API References'
      show: '1'
      type: API
    tutorials:
      navigation_text: Tutorials
      show: '1'
      type: Tutorial
    use_cases:
      navigation_text: 'Use Cases'
      show: '1'
      type: 'Use case'
    faq:
      navigation_text: FAQs
      show: '1'
      type: FAQ
    resources:
      navigation_text: Downloads
      show: '1'
      type: Download
    assets:
      navigation_text: Media
      show: '1'
      type: Media
    events:
      navigation_text: Events
      show: '1'
      type: Event
    article:
      navigation_text: Blogs
      show: '1'
      type: Blog
    issues:
      navigation_text: Issues
      show: '1'
      type: Issue
    solutions:
      navigation_text: Solutions
      show: '1'
      type: Solution
    apps:
      navigation_text: Application
      show: '0'
      type: Application
    forum:
      navigation_text: ''
      show: '0'
      type: 'Forum topic'
visibility:
  request_path:
    id: request_path
    pages: "/product/*\r\n/products/*\r\n/topic/*\r\n/node/*/apps\r\n/node/*/article\r\n/node/*/assets\r\n/node/*/document_overview\r\n/node/*/events\r\n/node/*/faq\r\n/node/*/forum\r\n/node/*/issues\r\n/node/*/solutions\r\n/node/*/use_cases\r\n/node/*/tutorials\r\n/node/*/api_document\r\n/node/*/resources\r\n/tutorials/*\r\n/use_cases/*\r\n/use-cases/*\r\n/solutions/*\r\n/assets/*\r\n/issues/*\r\n/document_overview/*\r\n/events/*\r\n/article/*\r\n/resources/*\r\n/page/*"
    negate: false
    context_mapping: {  }
  domain:
    id: domain
    domains: {  }
    negate: null
    context_mapping: {  }
