uuid: c2d03c40-31c5-4659-bb39-7ed8bc110bc5
langcode: en
status: true
dependencies:
  module:
    - odp_subscription
  theme:
    - odp_theme
id: subscriptionblock
theme: odp_theme
region: footer_first
weight: 0
provider: null
plugin: openapidevx_subscription_block
settings:
  id: openapidevx_subscription_block
  label: 'Subscription Block'
  provider: odp_subscription
  label_display: visible
visibility: {  }
